<?xml version="1.0" encoding="utf-8"?>
<Project ToolsVersion="4.0" xmlns="http://schemas.microsoft.com/developer/msbuild/2003">
  <ItemGroup>
    <Filter Include="Source Files">
      <UniqueIdentifier>{4FC737F1-C7A5-4376-A066-2A32D752A2FF}</UniqueIdentifier>
      <Extensions>cpp;c;cc;cxx;c++;cppm;ixx;def;odl;idl;hpj;bat;asm;asmx</Extensions>
    </Filter>
    <Filter Include="Header Files">
      <UniqueIdentifier>{93995380-89BD-4b04-88EB-625FBE52EBFB}</UniqueIdentifier>
      <Extensions>h;hh;hpp;hxx;h++;hm;inl;inc;ipp;xsd</Extensions>
    </Filter>
    <Filter Include="Resource Files">
      <UniqueIdentifier>{67DA6AB6-F800-4c08-8B7A-83BB121AAD01}</UniqueIdentifier>
      <Extensions>rc;ico;cur;bmp;dlg;rc2;rct;bin;rgs;gif;jpg;jpeg;jpe;resx;tiff;tif;png;wav;mfcribbon-ms</Extensions>
    </Filter>
    <Filter Include="Resource Files\Images_Sprites">
      <UniqueIdentifier>{8689d5dd-c14a-4d75-af32-7ff0bdfca7bd}</UniqueIdentifier>
    </Filter>
    <Filter Include="Resource Files\Images_Sprites\Grid_Sprites">
      <UniqueIdentifier>{fd6047d1-4436-40bc-b94d-42653acb5259}</UniqueIdentifier>
    </Filter>
    <Filter Include="Resource Files\Images_Sprites\Ui_Sprites">
      <UniqueIdentifier>{d9b84306-7937-41f9-a359-91ae75d81005}</UniqueIdentifier>
    </Filter>
    <Filter Include="Resource Files\Images_Sprites\Top_DownZombie_Game_Sprites">
      <UniqueIdentifier>{30127ba9-7cee-4912-8959-969b86601902}</UniqueIdentifier>
    </Filter>
    <Filter Include="Resource Files\Images_Sprites\Top_DownZombie_Game_Sprites\Terrain">
      <UniqueIdentifier>{a212cda3-f819-43f3-bec0-e8ffb6310309}</UniqueIdentifier>
    </Filter>
  </ItemGroup>
  <ItemGroup>
    <ClCompile Include="main.cpp">
      <Filter>Source Files</Filter>
    </ClCompile>
    <ClCompile Include="files_images.cpp">
      <Filter>Source Files</Filter>
    </ClCompile>
  </ItemGroup>
  <ItemGroup>
    <Text Include="max.txt" />
  </ItemGroup>
  <ItemGroup>
    <Image Include="..\Image_Sprites\Ui_Sprites\Right_Picker.png">
      <Filter>Resource Files\Images_Sprites\Ui_Sprites</Filter>
    </Image>
    <Image Include="..\Image_Sprites\Ui_Sprites\Right_Side_Separater.png">
      <Filter>Resource Files\Images_Sprites\Ui_Sprites</Filter>
    </Image>
    <Image Include="..\Image_Sprites\Grid_Sprites\16pxGrid.png">
      <Filter>Resource Files\Images_Sprites\Grid_Sprites</Filter>
    </Image>
    <Image Include="..\Image_Sprites\Grid_Sprites\32pxGrid.png">
      <Filter>Resource Files\Images_Sprites\Grid_Sprites</Filter>
    </Image>
    <Image Include="..\Image_Sprites\Grid_Sprites\64pxGrid.png">
      <Filter>Resource Files\Images_Sprites\Grid_Sprites</Filter>
    </Image>
    <Image Include="Image_Sprites\Ui_Sprites\Top_Bar_Ui_Selector.png">
      <Filter>Resource Files\Images_Sprites\Ui_Sprites</Filter>
    </Image>
    <Image Include="..\Image_Sprites\Ui_Sprites\Ui_Selector_Highlighter_SIDES.png">
      <Filter>Resource Files\Images_Sprites\Ui_Sprites</Filter>
    </Image>
    <Image Include="..\Image_Sprites\Top_Down_Zombie_Game.png">
      <Filter>Resource Files\Images_Sprites\Top_DownZombie_Game_Sprites\Terrain</Filter>
    </Image>
    <Image Include="..\Image_Sprites\Top_DownZombie_Game\Terrain\Top_Down_Zombie_Game_Terrain_Set_1.png">
      <Filter>Resource Files\Images_Sprites\Top_DownZombie_Game_Sprites\Terrain</Filter>
    </Image>
    <Image Include="Image_Sprites\Top_Down_Zombie_Game_Sprites\Terrain\concrete_default.png">
      <Filter>Resource Files\Images_Sprites\Top_DownZombie_Game_Sprites\Terrain</Filter>
    </Image>
    <Image Include="Image_Sprites\Top_Down_Zombie_Game_Sprites\Terrain\wood_default.png">
      <Filter>Resource Files\Images_Sprites\Top_DownZombie_Game_Sprites\Terrain</Filter>
    </Image>
    <Image Include="Image_Sprites\Top_Down_Zombie_Game_Sprites\Terrain\Side_Wall_default.png">
      <Filter>Resource Files\Images_Sprites\Top_DownZombie_Game_Sprites\Terrain</Filter>
    </Image>
  </ItemGroup>
  <ItemGroup>
    <ClInclude Include="files_images.h">
      <Filter>Header Files</Filter>
    </ClInclude>
  </ItemGroup>
</Project>